lockfileVersion: 5.4

specifiers:
  '@rollup/plugin-alias': ^3.1.9
  '@rollup/plugin-inject': ^4.0.4
  rollup: ^2.75.6
  rollup-plugin-es3ify: ^0.0.4
  rollup-plugin-import: ^1.0.2
  rollup-plugin-polyfill-inject: ^1.0.4
  sky-core: ^0.7.1

dependencies:
  sky-core: 0.7.1

devDependencies:
  '@rollup/plugin-alias': 3.1.9_rollup@2.77.2
  '@rollup/plugin-inject': 4.0.4_rollup@2.77.2
  rollup: 2.77.2
  rollup-plugin-es3ify: 0.0.4
  rollup-plugin-import: 1.0.2
  rollup-plugin-polyfill-inject: 1.0.4_rollup@2.77.2

packages:

  /@rollup/plugin-alias/3.1.9_rollup@2.77.2:
    resolution: {integrity: sha512-QI5fsEvm9bDzt32k39wpOwZhVzRcL5ydcffUHMyLVaVaLeC70I8TJZ17F1z1eMoLu4E/UOcH9BWVkKpIKdrfiw==}
    engines: {node: '>=8.0.0'}
    peerDependencies:
      rollup: ^1.20.0||^2.0.0
    dependencies:
      rollup: 2.77.2
      slash: 3.0.0
    dev: true

  /@rollup/plugin-inject/4.0.4_rollup@2.77.2:
    resolution: {integrity: sha512-4pbcU4J/nS+zuHk+c+OL3WtmEQhqxlZ9uqfjQMQDOHOPld7PsCd8k5LWs8h5wjwJN7MgnAn768F2sDxEP4eNFQ==}
    peerDependencies:
      rollup: ^1.20.0 || ^2.0.0
    dependencies:
      '@rollup/pluginutils': 3.1.0_rollup@2.77.2
      estree-walker: 2.0.2
      magic-string: 0.25.9
      rollup: 2.77.2
    dev: true

  /@rollup/pluginutils/3.1.0_rollup@2.77.2:
    resolution: {integrity: sha512-GksZ6pr6TpIjHm8h9lSQ8pi8BE9VeubNT0OMJ3B5uZJ8pz73NPiqOtCog/x2/QzM1ENChPKxMDhiQuRHsqc+lg==}
    engines: {node: '>= 8.0.0'}
    peerDependencies:
      rollup: ^1.20.0||^2.0.0
    dependencies:
      '@types/estree': 0.0.39
      estree-walker: 1.0.1
      picomatch: 2.3.1
      rollup: 2.77.2
    dev: true

  /@rollup/pluginutils/4.2.1:
    resolution: {integrity: sha512-iKnFXr7NkdZAIHiIWE+BX5ULi/ucVFYWD6TbAV+rZctiRTY2PL6tsIKhoIOaoskiWAkgu+VsbXgUVDNLHf+InQ==}
    engines: {node: '>= 8.0.0'}
    dependencies:
      estree-walker: 2.0.2
      picomatch: 2.3.1
    dev: true

  /@types/estree/0.0.39:
    resolution: {integrity: sha512-EYNwp3bU+98cpU4lAWYYL7Zz+2gryWH1qbdDTidVd6hkiR6weksdbMadyXKXNPEkQFhXM+hVO9ZygomHXp+AIw==}
    dev: true

  /acorn/5.7.4:
    resolution: {integrity: sha512-1D++VG7BhrtvQpNbBzovKNc1FLGGEE/oGe7b9xJm/RFHMBeUaUGpluV9RLjZa47YFdPcDAenEYuq9pQPcMdLJg==}
    engines: {node: '>=0.4.0'}
    hasBin: true
    dev: true

  /amdefine/1.0.1:
    resolution: {integrity: sha512-S2Hw0TtNkMJhIabBwIojKL9YHO5T0n5eNqWJ7Lrlel/zDbftQpxpapi8tZs3X1HWa+u+QeydGmzzNU0m09+Rcg==}
    engines: {node: '>=0.4.2'}
    dev: true

  /ast-types/0.9.6:
    resolution: {integrity: sha512-qEdtR2UH78yyHX/AUNfXmJTlM48XoFZKBdwi1nzkI1mJL21cmbu0cvjxjpkXJ5NENMq42H+hNs8VLJcqXLerBQ==}
    engines: {node: '>= 0.8'}
    dev: true

  /balanced-match/1.0.2:
    resolution: {integrity: sha512-3oSeUO0TMV67hN1AmbXsK4yaqU7tjiHlbxRDZOpH0KW9+CeX4bRAaX0Anxt0tx2MrpRpWwQaPwIlISEJhYU5Pw==}
    dev: true

  /base62/1.2.8:
    resolution: {integrity: sha512-V6YHUbjLxN1ymqNLb1DPHoU1CpfdL7d2YTIp5W3U4hhoG4hhxNmsFDs66M9EXxBiSEke5Bt5dwdfMwwZF70iLA==}
    dev: true

  /brace-expansion/1.1.11:
    resolution: {integrity: sha512-iCuPHDFgrHX7H2vEI/5xpz07zSHB00TpugqhmYtVmMO6518mCuRMoOYFldEBl0g187ufozdaHgWKcYFb61qGiA==}
    dependencies:
      balanced-match: 1.0.2
      concat-map: 0.0.1
    dev: true

  /commander/2.20.3:
    resolution: {integrity: sha512-GpVkmM8vF2vQUkj2LvZmD35JxeJOLCwJ9cUkugyk2nuhbv3+mJvpLYYt+0+USMxE+oj+ey/lJEnhZw75x/OMcQ==}
    dev: true

  /commoner/0.10.8:
    resolution: {integrity: sha512-3/qHkNMM6o/KGXHITA14y78PcfmXh4+AOCJpSoF73h4VY1JpdGv3CHMS5+JW6SwLhfJt4RhNmLAa7+RRX/62EQ==}
    engines: {node: '>= 0.8'}
    hasBin: true
    dependencies:
      commander: 2.20.3
      detective: 4.7.1
      glob: 5.0.15
      graceful-fs: 4.2.10
      iconv-lite: 0.4.24
      mkdirp: 0.5.6
      private: 0.1.8
      q: 1.5.1
      recast: 0.11.23
    dev: true

  /concat-map/0.0.1:
    resolution: {integrity: sha1-2Klr13/Wjfd5OnMDajug1UBdR3s=}
    dev: true

  /defined/1.0.0:
    resolution: {integrity: sha512-Y2caI5+ZwS5c3RiNDJ6u53VhQHv+hHKwhkI1iHvceKUHw9Df6EK2zRLfjejRgMuCuxK7PfSWIMwWecceVvThjQ==}
    dev: true

  /detective/4.7.1:
    resolution: {integrity: sha512-H6PmeeUcZloWtdt4DAkFyzFL94arpHr3NOwwmVILFiy+9Qd4JTxxXrzfyGk/lmct2qVGBwTSwSXagqu2BxmWig==}
    dependencies:
      acorn: 5.7.4
      defined: 1.0.0
    dev: true

  /es3ify/0.2.2:
    resolution: {integrity: sha512-QQ6yXmQM/cfWYj9/DM3hPRcHBZdWCoJU+35CoaMqw53sH2uqr29EZ0ne1PF/3LIG/cmawn1SbCPqcZE+siHmwg==}
    dependencies:
      esprima: 2.7.3
      jstransform: 11.0.3
      through: 2.3.8
    dev: true

  /esprima-fb/15001.1.0-dev-harmony-fb:
    resolution: {integrity: sha512-59dDGQo2b3M/JfKIws0/z8dcXH2mnVHkfSPRhCYS91JNGfGNwr7GsSF6qzWZuOGvw5Ii0w9TtylrX07MGmlOoQ==}
    engines: {node: '>=0.4.0'}
    hasBin: true
    dev: true

  /esprima/2.7.3:
    resolution: {integrity: sha512-OarPfz0lFCiW4/AV2Oy1Rp9qu0iusTKqykwTspGCZtPxmF81JR4MmIebvF1F9+UOKth2ZubLQ4XGGaU+hSn99A==}
    engines: {node: '>=0.10.0'}
    hasBin: true
    dev: true

  /esprima/3.1.3:
    resolution: {integrity: sha512-AWwVMNxwhN8+NIPQzAQZCm7RkLC4RbM3B1OobMuyp3i+w73X57KCKaVIxaRZb+DYCojq7rspo+fmuQfAboyhFg==}
    engines: {node: '>=4'}
    hasBin: true
    dev: true

  /estree-walker/1.0.1:
    resolution: {integrity: sha512-1fMXF3YP4pZZVozF8j/ZLfvnR8NSIljt56UhbZ5PeeDmmGHpgpdwQt7ITlGvYaQukCvuBRMLEiKiYC+oeIg4cg==}
    dev: true

  /estree-walker/2.0.2:
    resolution: {integrity: sha512-Rfkk/Mp/DL7JVje3u18FxFujQlTNR2q6QfMSMB7AvCBx91NGj/ba3kCfza0f6dVDbw7YlRf/nDrn7pQrCCyQ/w==}
    dev: true

  /fsevents/2.3.2:
    resolution: {integrity: sha512-xiqMQR4xAeHTuB9uWm+fFRcIOgKBMiOBP+eXiyT7jsgVCq1bkVygt00oASowB7EdtpOHaaPgKt812P9ab+DDKA==}
    engines: {node: ^8.16.0 || ^10.6.0 || >=11.0.0}
    os: [darwin]
    requiresBuild: true
    dev: true
    optional: true

  /glob/5.0.15:
    resolution: {integrity: sha512-c9IPMazfRITpmAAKi22dK1VKxGDX9ehhqfABDriL/lzO92xcUKEJPQHrVA/2YHSNFB4iFlykVmWvwo48nr3OxA==}
    dependencies:
      inflight: 1.0.6
      inherits: 2.0.4
      minimatch: 3.1.2
      once: 1.4.0
      path-is-absolute: 1.0.1
    dev: true

  /graceful-fs/4.2.10:
    resolution: {integrity: sha512-9ByhssR2fPVsNZj478qUUbKfmL0+t5BDVyjShtyZZLiK7ZDAArFFfopyOTj0M05wE2tJPisA4iTnnXl2YoPvOA==}
    dev: true

  /iconv-lite/0.4.24:
    resolution: {integrity: sha512-v3MXnZAcvnywkTUEZomIActle7RXXeedOR31wwl7VlyoXO4Qi9arvSenNQWne1TcRwhCL1HwLI21bEqdpj8/rA==}
    engines: {node: '>=0.10.0'}
    dependencies:
      safer-buffer: 2.1.2
    dev: true

  /inflight/1.0.6:
    resolution: {integrity: sha512-k92I/b08q4wvFscXCLvqfsHCrjrF7yiXsQuIVvVE7N82W3+aqpzuUdBbfhWcy/FZR3/4IgflMgKLOsvPDrGCJA==}
    dependencies:
      once: 1.4.0
      wrappy: 1.0.2
    dev: true

  /inherits/2.0.4:
    resolution: {integrity: sha512-k/vGaX4/Yla3WzyMCvTQOXYeIHvqOKtnqBduzTHpzpQZzAskKMhZ2K+EnBiSM9zGSoIFeMpXKxa4dYeZIQqewQ==}
    dev: true

  /jstransform/11.0.3:
    resolution: {integrity: sha512-LGm87w0A8E92RrcXt94PnNHkFqHmgDy3mKHvNZOG7QepKCTCH/VB6S+IEN+bT4uLN3gVpOT0vvOOVd96osG71g==}
    engines: {node: '>=0.8.8'}
    hasBin: true
    dependencies:
      base62: 1.2.8
      commoner: 0.10.8
      esprima-fb: 15001.1.0-dev-harmony-fb
      object-assign: 2.1.1
      source-map: 0.4.4
    dev: true

  /magic-string/0.25.9:
    resolution: {integrity: sha512-RmF0AsMzgt25qzqqLc1+MbHmhdx0ojF2Fvs4XnOqz2ZOBXzzkEwc/dJQZCYHAn7v1jbVOjAZfK8msRn4BxO4VQ==}
    dependencies:
      sourcemap-codec: 1.4.8
    dev: true

  /minimatch/3.1.2:
    resolution: {integrity: sha512-J7p63hRiAjw1NDEww1W7i37+ByIrOWO5XQQAzZ3VOcL0PNybwpfmV/N05zFAzwQ9USyEcX6t3UO+K5aqBQOIHw==}
    dependencies:
      brace-expansion: 1.1.11
    dev: true

  /minimist/1.2.6:
    resolution: {integrity: sha512-Jsjnk4bw3YJqYzbdyBiNsPWHPfO++UGG749Cxs6peCu5Xg4nrena6OVxOYxrQTqww0Jmwt+Ref8rggumkTLz9Q==}
    dev: true

  /mkdirp/0.5.6:
    resolution: {integrity: sha512-FP+p8RB8OWpF3YZBCrP5gtADmtXApB5AMLn+vdyA+PyxCjrCs00mjyUozssO33cwDeT3wNGdLxJ5M//YqtHAJw==}
    hasBin: true
    dependencies:
      minimist: 1.2.6
    dev: true

  /object-assign/2.1.1:
    resolution: {integrity: sha512-CdsOUYIh5wIiozhJ3rLQgmUTgcyzFwZZrqhkKhODMoGtPKM+wt0h0CNIoauJWMsS9822EdzPsF/6mb4nLvPN5g==}
    engines: {node: '>=0.10.0'}
    dev: true

  /once/1.4.0:
    resolution: {integrity: sha512-lNaJgI+2Q5URQBkccEKHTQOPaXdUxnZZElQTZY0MFUAuaEqe1E+Nyvgdz/aIyNi6Z9MzO5dv1H8n58/GELp3+w==}
    dependencies:
      wrappy: 1.0.2
    dev: true

  /path-is-absolute/1.0.1:
    resolution: {integrity: sha512-AVbw3UJ2e9bq64vSaS9Am0fje1Pa8pbGqTTsmXfaIiMpnr5DlDhfJOuLj9Sf95ZPVDAUerDfEk88MPmPe7UCQg==}
    engines: {node: '>=0.10.0'}
    dev: true

  /picomatch/2.3.1:
    resolution: {integrity: sha512-JU3teHTNjmE2VCGFzuY8EXzCDVwEqB2a8fsIvwaStHhAWJEeVd1o1QD80CU6+ZdEXXSLbSsuLwJjkCBWqRQUVA==}
    engines: {node: '>=8.6'}
    dev: true

  /private/0.1.8:
    resolution: {integrity: sha512-VvivMrbvd2nKkiG38qjULzlc+4Vx4wm/whI9pQD35YrARNnhxeiRktSOhSukRLFNlzg6Br/cJPet5J/u19r/mg==}
    engines: {node: '>= 0.6'}
    dev: true

  /q/1.5.1:
    resolution: {integrity: sha512-kV/CThkXo6xyFEZUugw/+pIOywXcDbFYgSct5cT3gqlbkBE1SJdwy6UQoZvodiWF/ckQLZyDE/Bu1M6gVu5lVw==}
    engines: {node: '>=0.6.0', teleport: '>=0.2.0'}
    dev: true

  /recast/0.11.23:
    resolution: {integrity: sha512-+nixG+3NugceyR8O1bLU45qs84JgI3+8EauyRZafLgC9XbdAOIVgwV1Pe2da0YzGo62KzWoZwUpVEQf6qNAXWA==}
    engines: {node: '>= 0.8'}
    dependencies:
      ast-types: 0.9.6
      esprima: 3.1.3
      private: 0.1.8
      source-map: 0.5.7
    dev: true

  /rollup-plugin-es3ify/0.0.4:
    resolution: {integrity: sha512-7prgLZmQN4zXtLVdbO1Sy6+AjO74Ze0zM7NRmoUlZ1mHHNE26Z0qfUIv1hd1hh/o9lT6qpn7Z0lAJ1H5IqgZCA==}
    dependencies:
      es3ify: 0.2.2
    dev: true

  /rollup-plugin-import/1.0.2:
    resolution: {integrity: sha512-q0prDpMYloUytyaZW/mOCuYAMLbOltLBdrlgGYxua1e8yakmMvabbgnYPXdlOpk3NXfavZwzJt8610vJO7PsXg==}
    dependencies:
      '@rollup/pluginutils': 4.2.1
      magic-string: 0.25.9
    dev: true

  /rollup-plugin-polyfill-inject/1.0.4_rollup@2.77.2:
    resolution: {integrity: sha512-gY+V2pKY0V4ULFx7RrpKNu/KNxNQqGlCvqBObHRL/94kGePzmghOGEBcVTnYO+HYnJK9QoX90177Y+nFY4mjFA==}
    dependencies:
      '@rollup/pluginutils': 3.1.0_rollup@2.77.2
      estree-walker: 1.0.1
      magic-string: 0.25.9
    transitivePeerDependencies:
      - rollup
    dev: true

  /rollup/2.77.2:
    resolution: {integrity: sha512-m/4YzYgLcpMQbxX3NmAqDvwLATZzxt8bIegO78FZLl+lAgKJBd1DRAOeEiZcKOIOPjxE6ewHWHNgGEalFXuz1g==}
    engines: {node: '>=10.0.0'}
    hasBin: true
    optionalDependencies:
      fsevents: 2.3.2
    dev: true

  /safer-buffer/2.1.2:
    resolution: {integrity: sha512-YZo3K82SD7Riyi0E1EQPojLz7kpepnSQI9IyPbHHg1XXXevb5dJI7tpyN2ADxGcQbHG7vcyRHk0cbwqcQriUtg==}
    dev: true

  /sky-core/0.7.1:
    resolution: {integrity: sha512-wWOrG1h7MoSDevmeHsSjcMWzre0mpSd/d0YbE35a030UilCkva7+XcBQoZuH+GLlMc4Y3LUM9+8hfSuHc8TjsA==}
    dev: false

  /slash/3.0.0:
    resolution: {integrity: sha512-g9Q1haeby36OSStwb4ntCGGGaKsaVSjQ68fBxoQcutl5fS1vuY18H3wSt3jFyFtrkx+Kz0V1G85A4MyAdDMi2Q==}
    engines: {node: '>=8'}
    dev: true

  /source-map/0.4.4:
    resolution: {integrity: sha512-Y8nIfcb1s/7DcobUz1yOO1GSp7gyL+D9zLHDehT7iRESqGSxjJ448Sg7rvfgsRJCnKLdSl11uGf0s9X80cH0/A==}
    engines: {node: '>=0.8.0'}
    dependencies:
      amdefine: 1.0.1
    dev: true

  /source-map/0.5.7:
    resolution: {integrity: sha512-LbrmJOMUSdEVxIKvdcJzQC+nQhe8FUZQTXQy6+I75skNgn3OoQ0DZA8YnFa7gp8tqtL3KPf1kmo0R5DoApeSGQ==}
    engines: {node: '>=0.10.0'}
    dev: true

  /sourcemap-codec/1.4.8:
    resolution: {integrity: sha512-9NykojV5Uih4lgo5So5dtw+f0JgJX30KCNI8gwhz2J9A15wD0Ml6tjHKwf6fTSa6fAdVBdZeNOs9eJ71qCk8vA==}
    dev: true

  /through/2.3.8:
    resolution: {integrity: sha512-w89qg7PI8wAdvX60bMDP+bFoD5Dvhm9oLheFp5O4a2QF0cSBGsBX4qZmadPMvVqlLJBBci+WqGGOAPvcDeNSVg==}
    dev: true

  /wrappy/1.0.2:
    resolution: {integrity: sha512-l4Sp/DRseor9wL6EvV2+TuQn63dMkPjZ/sp9XkghTEbV9KlPS1xUsZ3u7/IQO4wxtcFB4bgpQPRcR3QCvezPcQ==}
    dev: true
